
Microsoft Visual Studio Solution File, Format Version 12.00
# Visual Studio Version 16
VisualStudioVersion = 16.6.30114.105
MinimumVisualStudioVersion = 10.0.40219.1
Project("{2150E333-8FDC-42A3-9474-1A3956D46DE8}") = "src", "src", "{5ABC7510-DB97-4502-A90B-1C0CD8ABCAA4}"
EndProject
Project("{FAE04EC0-301F-11D3-BF4B-00C04F79EFBC}") = "BreakableLime.Host", "src\host\BreakableLime.Host.csproj", "{B1EFBE2A-F927-4CB6-88A0-352911C9AE7D}"
EndProject
Project("{FAE04EC0-301F-11D3-BF4B-00C04F79EFBC}") = "BreakableLime.Repository", "src\repository\BreakableLime.Repository.csproj", "{3C724CC6-8DA9-4272-A7DA-33BF5930CEB6}"
EndProject
Project("{FAE04EC0-301F-11D3-BF4B-00C04F79EFBC}") = "BreakableLime.DockerBackgroundService", "src\dockerService\BreakableLime.DockerBackgroundService.csproj", "{ECE82F99-AC73-4034-A648-A2AD4F9E59DB}"
EndProject
Project("{FAE04EC0-301F-11D3-BF4B-00C04F79EFBC}") = "BreakableLime.Authentication", "src\authentication\BreakableLime.Authentication.csproj", "{501C858F-818F-49D2-A94B-C492FA5F0E17}"
EndProject
Project("{FAE04EC0-301F-11D3-BF4B-00C04F79EFBC}") = "BreakableLime.Authentication.Functions", "src\authenticationFunctions\BreakableLime.Authentication.Functions.csproj", "{C05DD585-985D-40D0-9190-1E04B808B39A}"
EndProject
Project("{FAE04EC0-301F-11D3-BF4B-00C04F79EFBC}") = "BreakableLime.ExternalModels", "src\externalModels\BreakableLime.ExternalModels.csproj", "{F93FE724-00A5-499E-BAB9-C64DE2925B1C}"
EndProject
Project("{FAE04EC0-301F-11D3-BF4B-00C04F79EFBC}") = "BreakableLime.Mediatr", "src\mediatr\BreakableLime.Mediatr.csproj", "{DE0F27B8-D971-4DC8-BB7D-E413324837CA}"
EndProject
Project("{FAE04EC0-301F-11D3-BF4B-00C04F79EFBC}") = "BreakableLime.GlobalModels", "src\globalModels\BreakableLime.GlobalModels.csproj", "{A0D7CAE1-8B49-42D1-BFB3-D4AC4E7F66DA}"
EndProject
Global
	GlobalSection(SolutionConfigurationPlatforms) = preSolution
		Debug|Any CPU = Debug|Any CPU
		Debug|x64 = Debug|x64
		Debug|x86 = Debug|x86
		Release|Any CPU = Release|Any CPU
		Release|x64 = Release|x64
		Release|x86 = Release|x86
	EndGlobalSection
	GlobalSection(SolutionProperties) = preSolution
		HideSolutionNode = FALSE
	EndGlobalSection
	GlobalSection(ProjectConfigurationPlatforms) = postSolution
		{B1EFBE2A-F927-4CB6-88A0-352911C9AE7D}.Debug|Any CPU.ActiveCfg = Debug|Any CPU
		{B1EFBE2A-F927-4CB6-88A0-352911C9AE7D}.Debug|Any CPU.Build.0 = Debug|Any CPU
		{B1EFBE2A-F927-4CB6-88A0-352911C9AE7D}.Debug|x64.ActiveCfg = Debug|Any CPU
		{B1EFBE2A-F927-4CB6-88A0-352911C9AE7D}.Debug|x64.Build.0 = Debug|Any CPU
		{B1EFBE2A-F927-4CB6-88A0-352911C9AE7D}.Debug|x86.ActiveCfg = Debug|Any CPU
		{B1EFBE2A-F927-4CB6-88A0-352911C9AE7D}.Debug|x86.Build.0 = Debug|Any CPU
		{B1EFBE2A-F927-4CB6-88A0-352911C9AE7D}.Release|Any CPU.ActiveCfg = Release|Any CPU
		{B1EFBE2A-F927-4CB6-88A0-352911C9AE7D}.Release|Any CPU.Build.0 = Release|Any CPU
		{B1EFBE2A-F927-4CB6-88A0-352911C9AE7D}.Release|x64.ActiveCfg = Release|Any CPU
		{B1EFBE2A-F927-4CB6-88A0-352911C9AE7D}.Release|x64.Build.0 = Release|Any CPU
		{B1EFBE2A-F927-4CB6-88A0-352911C9AE7D}.Release|x86.ActiveCfg = Release|Any CPU
		{B1EFBE2A-F927-4CB6-88A0-352911C9AE7D}.Release|x86.Build.0 = Release|Any CPU
		{3C724CC6-8DA9-4272-A7DA-33BF5930CEB6}.Debug|Any CPU.ActiveCfg = Debug|Any CPU
		{3C724CC6-8DA9-4272-A7DA-33BF5930CEB6}.Debug|Any CPU.Build.0 = Debug|Any CPU
		{3C724CC6-8DA9-4272-A7DA-33BF5930CEB6}.Debug|x64.ActiveCfg = Debug|Any CPU
		{3C724CC6-8DA9-4272-A7DA-33BF5930CEB6}.Debug|x64.Build.0 = Debug|Any CPU
		{3C724CC6-8DA9-4272-A7DA-33BF5930CEB6}.Debug|x86.ActiveCfg = Debug|Any CPU
		{3C724CC6-8DA9-4272-A7DA-33BF5930CEB6}.Debug|x86.Build.0 = Debug|Any CPU
		{3C724CC6-8DA9-4272-A7DA-33BF5930CEB6}.Release|Any CPU.ActiveCfg = Release|Any CPU
		{3C724CC6-8DA9-4272-A7DA-33BF5930CEB6}.Release|Any CPU.Build.0 = Release|Any CPU
		{3C724CC6-8DA9-4272-A7DA-33BF5930CEB6}.Release|x64.ActiveCfg = Release|Any CPU
		{3C724CC6-8DA9-4272-A7DA-33BF5930CEB6}.Release|x64.Build.0 = Release|Any CPU
		{3C724CC6-8DA9-4272-A7DA-33BF5930CEB6}.Release|x86.ActiveCfg = Release|Any CPU
		{3C724CC6-8DA9-4272-A7DA-33BF5930CEB6}.Release|x86.Build.0 = Release|Any CPU
		{ECE82F99-AC73-4034-A648-A2AD4F9E59DB}.Debug|Any CPU.ActiveCfg = Debug|Any CPU
		{ECE82F99-AC73-4034-A648-A2AD4F9E59DB}.Debug|Any CPU.Build.0 = Debug|Any CPU
		{ECE82F99-AC73-4034-A648-A2AD4F9E59DB}.Debug|x64.ActiveCfg = Debug|Any CPU
		{ECE82F99-AC73-4034-A648-A2AD4F9E59DB}.Debug|x64.Build.0 = Debug|Any CPU
		{ECE82F99-AC73-4034-A648-A2AD4F9E59DB}.Debug|x86.ActiveCfg = Debug|Any CPU
		{ECE82F99-AC73-4034-A648-A2AD4F9E59DB}.Debug|x86.Build.0 = Debug|Any CPU
		{ECE82F99-AC73-4034-A648-A2AD4F9E59DB}.Release|Any CPU.ActiveCfg = Release|Any CPU
		{ECE82F99-AC73-4034-A648-A2AD4F9E59DB}.Release|Any CPU.Build.0 = Release|Any CPU
		{ECE82F99-AC73-4034-A648-A2AD4F9E59DB}.Release|x64.ActiveCfg = Release|Any CPU
		{ECE82F99-AC73-4034-A648-A2AD4F9E59DB}.Release|x64.Build.0 = Release|Any CPU
		{ECE82F99-AC73-4034-A648-A2AD4F9E59DB}.Release|x86.ActiveCfg = Release|Any CPU
		{ECE82F99-AC73-4034-A648-A2AD4F9E59DB}.Release|x86.Build.0 = Release|Any CPU
		{501C858F-818F-49D2-A94B-C492FA5F0E17}.Debug|Any CPU.ActiveCfg = Debug|Any CPU
		{501C858F-818F-49D2-A94B-C492FA5F0E17}.Debug|Any CPU.Build.0 = Debug|Any CPU
		{501C858F-818F-49D2-A94B-C492FA5F0E17}.Debug|x64.ActiveCfg = Debug|Any CPU
		{501C858F-818F-49D2-A94B-C492FA5F0E17}.Debug|x64.Build.0 = Debug|Any CPU
		{501C858F-818F-49D2-A94B-C492FA5F0E17}.Debug|x86.ActiveCfg = Debug|Any CPU
		{501C858F-818F-49D2-A94B-C492FA5F0E17}.Debug|x86.Build.0 = Debug|Any CPU
		{501C858F-818F-49D2-A94B-C492FA5F0E17}.Release|Any CPU.ActiveCfg = Release|Any CPU
		{501C858F-818F-49D2-A94B-C492FA5F0E17}.Release|Any CPU.Build.0 = Release|Any CPU
		{501C858F-818F-49D2-A94B-C492FA5F0E17}.Release|x64.ActiveCfg = Release|Any CPU
		{501C858F-818F-49D2-A94B-C492FA5F0E17}.Release|x64.Build.0 = Release|Any CPU
		{501C858F-818F-49D2-A94B-C492FA5F0E17}.Release|x86.ActiveCfg = Release|Any CPU
		{501C858F-818F-49D2-A94B-C492FA5F0E17}.Release|x86.Build.0 = Release|Any CPU
		{C05DD585-985D-40D0-9190-1E04B808B39A}.Debug|Any CPU.ActiveCfg = Debug|Any CPU
		{C05DD585-985D-40D0-9190-1E04B808B39A}.Debug|Any CPU.Build.0 = Debug|Any CPU
		{C05DD585-985D-40D0-9190-1E04B808B39A}.Debug|x64.ActiveCfg = Debug|Any CPU
		{C05DD585-985D-40D0-9190-1E04B808B39A}.Debug|x64.Build.0 = Debug|Any CPU
		{C05DD585-985D-40D0-9190-1E04B808B39A}.Debug|x86.ActiveCfg = Debug|Any CPU
		{C05DD585-985D-40D0-9190-1E04B808B39A}.Debug|x86.Build.0 = Debug|Any CPU
		{C05DD585-985D-40D0-9190-1E04B808B39A}.Release|Any CPU.ActiveCfg = Release|Any CPU
		{C05DD585-985D-40D0-9190-1E04B808B39A}.Release|Any CPU.Build.0 = Release|Any CPU
		{C05DD585-985D-40D0-9190-1E04B808B39A}.Release|x64.ActiveCfg = Release|Any CPU
		{C05DD585-985D-40D0-9190-1E04B808B39A}.Release|x64.Build.0 = Release|Any CPU
		{C05DD585-985D-40D0-9190-1E04B808B39A}.Release|x86.ActiveCfg = Release|Any CPU
		{C05DD585-985D-40D0-9190-1E04B808B39A}.Release|x86.Build.0 = Release|Any CPU
		{F93FE724-00A5-499E-BAB9-C64DE2925B1C}.Debug|Any CPU.ActiveCfg = Debug|Any CPU
		{F93FE724-00A5-499E-BAB9-C64DE2925B1C}.Debug|Any CPU.Build.0 = Debug|Any CPU
		{F93FE724-00A5-499E-BAB9-C64DE2925B1C}.Debug|x64.ActiveCfg = Debug|Any CPU
		{F93FE724-00A5-499E-BAB9-C64DE2925B1C}.Debug|x64.Build.0 = Debug|Any CPU
		{F93FE724-00A5-499E-BAB9-C64DE2925B1C}.Debug|x86.ActiveCfg = Debug|Any CPU
		{F93FE724-00A5-499E-BAB9-C64DE2925B1C}.Debug|x86.Build.0 = Debug|Any CPU
		{F93FE724-00A5-499E-BAB9-C64DE2925B1C}.Release|Any CPU.ActiveCfg = Release|Any CPU
		{F93FE724-00A5-499E-BAB9-C64DE2925B1C}.Release|Any CPU.Build.0 = Release|Any CPU
		{F93FE724-00A5-499E-BAB9-C64DE2925B1C}.Release|x64.ActiveCfg = Release|Any CPU
		{F93FE724-00A5-499E-BAB9-C64DE2925B1C}.Release|x64.Build.0 = Release|Any CPU
		{F93FE724-00A5-499E-BAB9-C64DE2925B1C}.Release|x86.ActiveCfg = Release|Any CPU
		{F93FE724-00A5-499E-BAB9-C64DE2925B1C}.Release|x86.Build.0 = Release|Any CPU
		{DE0F27B8-D971-4DC8-BB7D-E413324837CA}.Debug|Any CPU.ActiveCfg = Debug|Any CPU
		{DE0F27B8-D971-4DC8-BB7D-E413324837CA}.Debug|Any CPU.Build.0 = Debug|Any CPU
		{DE0F27B8-D971-4DC8-BB7D-E413324837CA}.Debug|x64.ActiveCfg = Debug|Any CPU
		{DE0F27B8-D971-4DC8-BB7D-E413324837CA}.Debug|x64.Build.0 = Debug|Any CPU
		{DE0F27B8-D971-4DC8-BB7D-E413324837CA}.Debug|x86.ActiveCfg = Debug|Any CPU
		{DE0F27B8-D971-4DC8-BB7D-E413324837CA}.Debug|x86.Build.0 = Debug|Any CPU
		{DE0F27B8-D971-4DC8-BB7D-E413324837CA}.Release|Any CPU.ActiveCfg = Release|Any CPU
		{DE0F27B8-D971-4DC8-BB7D-E413324837CA}.Release|Any CPU.Build.0 = Release|Any CPU
		{DE0F27B8-D971-4DC8-BB7D-E413324837CA}.Release|x64.ActiveCfg = Release|Any CPU
		{DE0F27B8-D971-4DC8-BB7D-E413324837CA}.Release|x64.Build.0 = Release|Any CPU
		{DE0F27B8-D971-4DC8-BB7D-E413324837CA}.Release|x86.ActiveCfg = Release|Any CPU
		{DE0F27B8-D971-4DC8-BB7D-E413324837CA}.Release|x86.Build.0 = Release|Any CPU
		{A0D7CAE1-8B49-42D1-BFB3-D4AC4E7F66DA}.Debug|Any CPU.ActiveCfg = Debug|Any CPU
		{A0D7CAE1-8B49-42D1-BFB3-D4AC4E7F66DA}.Debug|Any CPU.Build.0 = Debug|Any CPU
		{A0D7CAE1-8B49-42D1-BFB3-D4AC4E7F66DA}.Debug|x64.ActiveCfg = Debug|Any CPU
		{A0D7CAE1-8B49-42D1-BFB3-D4AC4E7F66DA}.Debug|x64.Build.0 = Debug|Any CPU
		{A0D7CAE1-8B49-42D1-BFB3-D4AC4E7F66DA}.Debug|x86.ActiveCfg = Debug|Any CPU
		{A0D7CAE1-8B49-42D1-BFB3-D4AC4E7F66DA}.Debug|x86.Build.0 = Debug|Any CPU
		{A0D7CAE1-8B49-42D1-BFB3-D4AC4E7F66DA}.Release|Any CPU.ActiveCfg = Release|Any CPU
		{A0D7CAE1-8B49-42D1-BFB3-D4AC4E7F66DA}.Release|Any CPU.Build.0 = Release|Any CPU
		{A0D7CAE1-8B49-42D1-BFB3-D4AC4E7F66DA}.Release|x64.ActiveCfg = Release|Any CPU
		{A0D7CAE1-8B49-42D1-BFB3-D4AC4E7F66DA}.Release|x64.Build.0 = Release|Any CPU
		{A0D7CAE1-8B49-42D1-BFB3-D4AC4E7F66DA}.Release|x86.ActiveCfg = Release|Any CPU
		{A0D7CAE1-8B49-42D1-BFB3-D4AC4E7F66DA}.Release|x86.Build.0 = Release|Any CPU
	EndGlobalSection
	GlobalSection(NestedProjects) = preSolution
		{B1EFBE2A-F927-4CB6-88A0-352911C9AE7D} = {5ABC7510-DB97-4502-A90B-1C0CD8ABCAA4}
		{3C724CC6-8DA9-4272-A7DA-33BF5930CEB6} = {5ABC7510-DB97-4502-A90B-1C0CD8ABCAA4}
		{ECE82F99-AC73-4034-A648-A2AD4F9E59DB} = {5ABC7510-DB97-4502-A90B-1C0CD8ABCAA4}
		{501C858F-818F-49D2-A94B-C492FA5F0E17} = {5ABC7510-DB97-4502-A90B-1C0CD8ABCAA4}
		{C05DD585-985D-40D0-9190-1E04B808B39A} = {5ABC7510-DB97-4502-A90B-1C0CD8ABCAA4}
		{F93FE724-00A5-499E-BAB9-C64DE2925B1C} = {5ABC7510-DB97-4502-A90B-1C0CD8ABCAA4}
		{DE0F27B8-D971-4DC8-BB7D-E413324837CA} = {5ABC7510-DB97-4502-A90B-1C0CD8ABCAA4}
		{A0D7CAE1-8B49-42D1-BFB3-D4AC4E7F66DA} = {5ABC7510-DB97-4502-A90B-1C0CD8ABCAA4}
	EndGlobalSection
EndGlobal
